// !$*UTF8*$!
{
	archiveVersion = 1;
	classes = {
	};
	objectVersion = 50;
	objects = {

/* Begin PBXBuildFile section */
		4D1E976C245034A500AE7A2A /* main.cpp in Sources */ = {isa = PBXBuildFile; fileRef = 4D1E976B245034A500AE7A2A /* main.cpp */; };
		4D1E978D245039DA00AE7A2A /* 1_listCreation.cpp in Sources */ = {isa = PBXBuildFile; fileRef = 4D1E978C245039DA00AE7A2A /* 1_listCreation.cpp */; };
		4D1E979924503AAD00AE7A2A /* 1_arrayMultiply.cpp in Sources */ = {isa = PBXBuildFile; fileRef = 4D1E979824503AAD00AE7A2A /* 1_arrayMultiply.cpp */; };
		4D1E97AA24503C1900AE7A2A /* 1_StringPyramid.cpp in Sources */ = {isa = PBXBuildFile; fileRef = 4D1E97A924503C1900AE7A2A /* 1_StringPyramid.cpp */; };
		4D1E97F12450597200AE7A2A /* 2_findSizeOfFile.cpp in Sources */ = {isa = PBXBuildFile; fileRef = 4D1E97842450389F00AE7A2A /* 2_findSizeOfFile.cpp */; };
		4DB331792450652A00A9D914 /* 2_References.cpp in Sources */ = {isa = PBXBuildFile; fileRef = 4DB331782450652900A9D914 /* 2_References.cpp */; };
		4DB331832451904F00A9D914 /* 6_MoveConstructors.cpp in Sources */ = {isa = PBXBuildFile; fileRef = 4D1E97D424504DD400AE7A2A /* 6_MoveConstructors.cpp */; };
/* End PBXBuildFile section */

/* Begin PBXCopyFilesBuildPhase section */
		4D1E9766245034A500AE7A2A /* CopyFiles */ = {
			isa = PBXCopyFilesBuildPhase;
			buildActionMask = 2147483647;
			dstPath = /usr/share/man/man1/;
			dstSubfolderSpec = 0;
			files = (
			);
			runOnlyForDeploymentPostprocessing = 1;
		};
		4D1E9774245034DA00AE7A2A /* CopyFiles */ = {
			isa = PBXCopyFilesBuildPhase;
			buildActionMask = 2147483647;
			dstPath = /usr/share/man/man1/;
			dstSubfolderSpec = 0;
			files = (
			);
			runOnlyForDeploymentPostprocessing = 1;
		};
		4D1E9788245039DA00AE7A2A /* CopyFiles */ = {
			isa = PBXCopyFilesBuildPhase;
			buildActionMask = 2147483647;
			dstPath = /usr/share/man/man1/;
			dstSubfolderSpec = 0;
			files = (
			);
			runOnlyForDeploymentPostprocessing = 1;
		};
		4D1E979424503AAD00AE7A2A /* CopyFiles */ = {
			isa = PBXCopyFilesBuildPhase;
			buildActionMask = 2147483647;
			dstPath = /usr/share/man/man1/;
			dstSubfolderSpec = 0;
			files = (
			);
			runOnlyForDeploymentPostprocessing = 1;
		};
		4D1E979F24503B8300AE7A2A /* CopyFiles */ = {
			isa = PBXCopyFilesBuildPhase;
			buildActionMask = 2147483647;
			dstPath = /usr/share/man/man1/;
			dstSubfolderSpec = 0;
			files = (
			);
			runOnlyForDeploymentPostprocessing = 1;
		};
		4D726D94245060AF007E8781 /* CopyFiles */ = {
			isa = PBXCopyFilesBuildPhase;
			buildActionMask = 2147483647;
			dstPath = /usr/share/man/man1/;
			dstSubfolderSpec = 0;
			files = (
			);
			runOnlyForDeploymentPostprocessing = 1;
		};
/* End PBXCopyFilesBuildPhase section */

/* Begin PBXFileReference section */
		4D1E9768245034A500AE7A2A /* Cpp */ = {isa = PBXFileReference; explicitFileType = "compiled.mach-o.executable"; includeInIndex = 0; path = Cpp; sourceTree = BUILT_PRODUCTS_DIR; };
		4D1E976B245034A500AE7A2A /* main.cpp */ = {isa = PBXFileReference; lastKnownFileType = sourcecode.cpp.cpp; path = main.cpp; sourceTree = "<group>"; };
		4D1E9776245034DA00AE7A2A /* 1_FileOperation */ = {isa = PBXFileReference; explicitFileType = "compiled.mach-o.executable"; includeInIndex = 0; path = 1_FileOperation; sourceTree = BUILT_PRODUCTS_DIR; };
		4D1E9778245034DA00AE7A2A /* 1_countLineInFile.cpp */ = {isa = PBXFileReference; lastKnownFileType = sourcecode.cpp.cpp; path = 1_countLineInFile.cpp; sourceTree = "<group>"; };
		4D1E97842450389F00AE7A2A /* 2_findSizeOfFile.cpp */ = {isa = PBXFileReference; lastKnownFileType = sourcecode.cpp.cpp; path = 2_findSizeOfFile.cpp; sourceTree = "<group>"; };
		4D1E978A245039DA00AE7A2A /* 2_Function */ = {isa = PBXFileReference; explicitFileType = "compiled.mach-o.executable"; includeInIndex = 0; path = 2_Function; sourceTree = BUILT_PRODUCTS_DIR; };
		4D1E978C245039DA00AE7A2A /* 1_listCreation.cpp */ = {isa = PBXFileReference; lastKnownFileType = sourcecode.cpp.cpp; path = 1_listCreation.cpp; sourceTree = "<group>"; };
		4D1E979124503A5A00AE7A2A /* Readme */ = {isa = PBXFileReference; lastKnownFileType = text; path = Readme; sourceTree = "<group>"; };
		4D1E979624503AAD00AE7A2A /* 3_PointerAndReferences */ = {isa = PBXFileReference; explicitFileType = "compiled.mach-o.executable"; includeInIndex = 0; path = 3_PointerAndReferences; sourceTree = BUILT_PRODUCTS_DIR; };
		4D1E979824503AAD00AE7A2A /* 1_arrayMultiply.cpp */ = {isa = PBXFileReference; lastKnownFileType = sourcecode.cpp.cpp; path = 1_arrayMultiply.cpp; sourceTree = "<group>"; };
		4D1E97A124503B8300AE7A2A /* 4_patternCreationCode */ = {isa = PBXFileReference; explicitFileType = "compiled.mach-o.executable"; includeInIndex = 0; path = 4_patternCreationCode; sourceTree = BUILT_PRODUCTS_DIR; };
		4D1E97A924503C1900AE7A2A /* 1_StringPyramid.cpp */ = {isa = PBXFileReference; lastKnownFileType = sourcecode.cpp.cpp; path = 1_StringPyramid.cpp; sourceTree = "<group>"; };
		4D1E97B824503F7700AE7A2A /* 1_createclass.cpp */ = {isa = PBXFileReference; lastKnownFileType = sourcecode.cpp.cpp; path = 1_createclass.cpp; sourceTree = "<group>"; };
		4D1E97BA2450413800AE7A2A /* ReadMe */ = {isa = PBXFileReference; lastKnownFileType = text; path = ReadMe; sourceTree = "<group>"; };
		4D1E97BC24504A4400AE7A2A /* 1_accessingClassMember.cpp */ = {isa = PBXFileReference; lastKnownFileType = sourcecode.cpp.cpp; path = 1_accessingClassMember.cpp; sourceTree = "<group>"; };
		4D1E97BF24504AD700AE7A2A /* 1_ImplementingMethods1st.cpp */ = {isa = PBXFileReference; lastKnownFileType = sourcecode.cpp.cpp; path = 1_ImplementingMethods1st.cpp; sourceTree = "<group>"; };
		4D1E97C224504B5600AE7A2A /* 1_Constructors.cpp */ = {isa = PBXFileReference; lastKnownFileType = sourcecode.cpp.cpp; path = 1_Constructors.cpp; sourceTree = "<group>"; };
		4D1E97C424504B9400AE7A2A /* 2_ConstructorInitializationLists.cpp */ = {isa = PBXFileReference; lastKnownFileType = sourcecode.cpp.cpp; path = 2_ConstructorInitializationLists.cpp; sourceTree = "<group>"; };
		4D1E97C624504BC200AE7A2A /* 3_Delegating_Constructors.cpp */ = {isa = PBXFileReference; lastKnownFileType = sourcecode.cpp.cpp; path = 3_Delegating_Constructors.cpp; sourceTree = "<group>"; };
		4D1E97C824504BF600AE7A2A /* 4_DefaultConstructors.cpp */ = {isa = PBXFileReference; lastKnownFileType = sourcecode.cpp.cpp; path = 4_DefaultConstructors.cpp; sourceTree = "<group>"; };
		4D1E97CB24504C5100AE7A2A /* 1_copyConstructor.cpp */ = {isa = PBXFileReference; lastKnownFileType = sourcecode.cpp.cpp; path = 1_copyConstructor.cpp; sourceTree = "<group>"; };
		4D1E97CD24504CAC00AE7A2A /* 2_ShallowCopy.cpp */ = {isa = PBXFileReference; lastKnownFileType = sourcecode.cpp.cpp; path = 2_ShallowCopy.cpp; sourceTree = "<group>"; };
		4D1E97CF24504CF900AE7A2A /* 3_DeepCopy.cpp */ = {isa = PBXFileReference; lastKnownFileType = sourcecode.cpp.cpp; path = 3_DeepCopy.cpp; sourceTree = "<group>"; };
		4D1E97D424504DD400AE7A2A /* 6_MoveConstructors.cpp */ = {isa = PBXFileReference; lastKnownFileType = sourcecode.cpp.cpp; path = 6_MoveConstructors.cpp; sourceTree = "<group>"; };
		4D1E97D82450503700AE7A2A /* main.cpp */ = {isa = PBXFileReference; lastKnownFileType = sourcecode.cpp.cpp; path = main.cpp; sourceTree = "<group>"; };
		4D1E97DA2450506200AE7A2A /* Player.cpp */ = {isa = PBXFileReference; lastKnownFileType = sourcecode.cpp.cpp; path = Player.cpp; sourceTree = "<group>"; };
		4D1E97DB2450506200AE7A2A /* Player.hpp */ = {isa = PBXFileReference; lastKnownFileType = sourcecode.cpp.h; path = Player.hpp; sourceTree = "<group>"; };
		4D1E97DE2450518A00AE7A2A /* main.cpp */ = {isa = PBXFileReference; lastKnownFileType = sourcecode.cpp.cpp; path = main.cpp; sourceTree = "<group>"; };
		4D1E97E0245051C500AE7A2A /* Player.cpp */ = {isa = PBXFileReference; lastKnownFileType = sourcecode.cpp.cpp; path = Player.cpp; sourceTree = "<group>"; };
		4D1E97E1245051C500AE7A2A /* Player.hpp */ = {isa = PBXFileReference; lastKnownFileType = sourcecode.cpp.h; path = Player.hpp; sourceTree = "<group>"; };
		4D1E97E3245051F200AE7A2A /* Friend_class.cpp */ = {isa = PBXFileReference; lastKnownFileType = sourcecode.cpp.cpp; path = Friend_class.cpp; sourceTree = "<group>"; };
		4D1E97E4245051F200AE7A2A /* Friend_class.hpp */ = {isa = PBXFileReference; lastKnownFileType = sourcecode.cpp.h; path = Friend_class.hpp; sourceTree = "<group>"; };
		4D1E97E62450521600AE7A2A /* Other_class.cpp */ = {isa = PBXFileReference; lastKnownFileType = sourcecode.cpp.cpp; path = Other_class.cpp; sourceTree = "<group>"; };
		4D1E97E72450521600AE7A2A /* Other_class.hpp */ = {isa = PBXFileReference; lastKnownFileType = sourcecode.cpp.h; path = Other_class.hpp; sourceTree = "<group>"; };
		4D726D96245060AF007E8781 /* 5_OOP */ = {isa = PBXFileReference; explicitFileType = "compiled.mach-o.executable"; includeInIndex = 0; path = 5_OOP; sourceTree = BUILT_PRODUCTS_DIR; };
		4DB331762450633B00A9D914 /* main.cpp */ = {isa = PBXFileReference; lastKnownFileType = sourcecode.cpp.cpp; path = main.cpp; sourceTree = "<group>"; };
		4DB331782450652900A9D914 /* 2_References.cpp */ = {isa = PBXFileReference; lastKnownFileType = sourcecode.cpp.cpp; path = 2_References.cpp; sourceTree = "<group>"; };
		4DB3317D2451742300A9D914 /* Mystring.cpp */ = {isa = PBXFileReference; lastKnownFileType = sourcecode.cpp.cpp; path = Mystring.cpp; sourceTree = "<group>"; };
		4DB3317E2451742300A9D914 /* Mystring.hpp */ = {isa = PBXFileReference; lastKnownFileType = sourcecode.cpp.h; path = Mystring.hpp; sourceTree = "<group>"; };
/* End PBXFileReference section */

/* Begin PBXFrameworksBuildPhase section */
		4D1E9765245034A500AE7A2A /* Frameworks */ = {
			isa = PBXFrameworksBuildPhase;
			buildActionMask = 2147483647;
			files = (
			);
			runOnlyForDeploymentPostprocessing = 0;
		};
		4D1E9773245034DA00AE7A2A /* Frameworks */ = {
			isa = PBXFrameworksBuildPhase;
			buildActionMask = 2147483647;
			files = (
			);
			runOnlyForDeploymentPostprocessing = 0;
		};
		4D1E9787245039DA00AE7A2A /* Frameworks */ = {
			isa = PBXFrameworksBuildPhase;
			buildActionMask = 2147483647;
			files = (
			);
			runOnlyForDeploymentPostprocessing = 0;
		};
		4D1E979324503AAD00AE7A2A /* Frameworks */ = {
			isa = PBXFrameworksBuildPhase;
			buildActionMask = 2147483647;
			files = (
			);
			runOnlyForDeploymentPostprocessing = 0;
		};
		4D1E979E24503B8300AE7A2A /* Frameworks */ = {
			isa = PBXFrameworksBuildPhase;
			buildActionMask = 2147483647;
			files = (
			);
			runOnlyForDeploymentPostprocessing = 0;
		};
		4D726D93245060AF007E8781 /* Frameworks */ = {
			isa = PBXFrameworksBuildPhase;
			buildActionMask = 2147483647;
			files = (
			);
			runOnlyForDeploymentPostprocessing = 0;
		};
/* End PBXFrameworksBuildPhase section */

/* Begin PBXGroup section */
		4D1E975F245034A500AE7A2A = {
			isa = PBXGroup;
			children = (
				4D1E976A245034A500AE7A2A /* Cpp */,
				4D1E9777245034DA00AE7A2A /* 1_FileOperation */,
				4D1E978B245039DA00AE7A2A /* 2_Function */,
				4D1E979724503AAD00AE7A2A /* 3_PointerAndReferences */,
				4D1E97A224503B8300AE7A2A /* 4_patternCreationCode */,
				4D726D97245060AF007E8781 /* 5_OOP */,
				4D1E9769245034A500AE7A2A /* Products */,
			);
			sourceTree = "<group>";
		};
		4D1E9769245034A500AE7A2A /* Products */ = {
			isa = PBXGroup;
			children = (
				4D1E9768245034A500AE7A2A /* Cpp */,
				4D1E9776245034DA00AE7A2A /* 1_FileOperation */,
				4D1E978A245039DA00AE7A2A /* 2_Function */,
				4D1E979624503AAD00AE7A2A /* 3_PointerAndReferences */,
				4D1E97A124503B8300AE7A2A /* 4_patternCreationCode */,
				4D726D96245060AF007E8781 /* 5_OOP */,
			);
			name = Products;
			sourceTree = "<group>";
		};
		4D1E976A245034A500AE7A2A /* Cpp */ = {
			isa = PBXGroup;
			children = (
				4D1E976B245034A500AE7A2A /* main.cpp */,
			);
			path = Cpp;
			sourceTree = "<group>";
		};
		4D1E9777245034DA00AE7A2A /* 1_FileOperation */ = {
			isa = PBXGroup;
			children = (
				4D1E9778245034DA00AE7A2A /* 1_countLineInFile.cpp */,
				4D1E97842450389F00AE7A2A /* 2_findSizeOfFile.cpp */,
			);
			path = 1_FileOperation;
			sourceTree = "<group>";
		};
		4D1E978B245039DA00AE7A2A /* 2_Function */ = {
			isa = PBXGroup;
			children = (
				4D1E978C245039DA00AE7A2A /* 1_listCreation.cpp */,
				4D1E979124503A5A00AE7A2A /* Readme */,
			);
			path = 2_Function;
			sourceTree = "<group>";
		};
		4D1E979724503AAD00AE7A2A /* 3_PointerAndReferences */ = {
			isa = PBXGroup;
			children = (
				4D1E979824503AAD00AE7A2A /* 1_arrayMultiply.cpp */,
				4DB331782450652900A9D914 /* 2_References.cpp */,
			);
			path = 3_PointerAndReferences;
			sourceTree = "<group>";
		};
		4D1E97A224503B8300AE7A2A /* 4_patternCreationCode */ = {
			isa = PBXGroup;
			children = (
				4D1E97A824503B9100AE7A2A /* PyramidsCreationCode */,
			);
			path = 4_patternCreationCode;
			sourceTree = "<group>";
		};
		4D1E97A824503B9100AE7A2A /* PyramidsCreationCode */ = {
			isa = PBXGroup;
			children = (
				4D1E97A924503C1900AE7A2A /* 1_StringPyramid.cpp */,
				4D1E97BA2450413800AE7A2A /* ReadMe */,
			);
			path = PyramidsCreationCode;
			sourceTree = "<group>";
		};
		4D1E97B624503F2F00AE7A2A /* 1_createClass */ = {
			isa = PBXGroup;
			children = (
				4D1E97B824503F7700AE7A2A /* 1_createclass.cpp */,
			);
			path = 1_createClass;
			sourceTree = "<group>";
		};
		4D1E97BB24504A1300AE7A2A /* 2_accessingClassMember */ = {
			isa = PBXGroup;
			children = (
				4D1E97BC24504A4400AE7A2A /* 1_accessingClassMember.cpp */,
			);
			path = 2_accessingClassMember;
			sourceTree = "<group>";
		};
		4D1E97BE24504AA400AE7A2A /* 3_ImplementingMethods1st */ = {
			isa = PBXGroup;
			children = (
				4D1E97BF24504AD700AE7A2A /* 1_ImplementingMethods1st.cpp */,
			);
			path = 3_ImplementingMethods1st;
			sourceTree = "<group>";
		};
		4D1E97C124504B3E00AE7A2A /* 4_Constructors */ = {
			isa = PBXGroup;
			children = (
				4D1E97C224504B5600AE7A2A /* 1_Constructors.cpp */,
				4D1E97C424504B9400AE7A2A /* 2_ConstructorInitializationLists.cpp */,
				4D1E97C624504BC200AE7A2A /* 3_Delegating_Constructors.cpp */,
				4D1E97C824504BF600AE7A2A /* 4_DefaultConstructors.cpp */,
			);
			path = 4_Constructors;
			sourceTree = "<group>";
		};
		4D1E97CA24504C1D00AE7A2A /* 5_CopyConstructors */ = {
			isa = PBXGroup;
			children = (
				4D1E97CB24504C5100AE7A2A /* 1_copyConstructor.cpp */,
				4D1E97CD24504CAC00AE7A2A /* 2_ShallowCopy.cpp */,
				4D1E97CF24504CF900AE7A2A /* 3_DeepCopy.cpp */,
			);
			path = 5_CopyConstructors;
			sourceTree = "<group>";
		};
		4D1E97D324504DB800AE7A2A /* 6_MoveConstructors */ = {
			isa = PBXGroup;
			children = (
				4D1E97D424504DD400AE7A2A /* 6_MoveConstructors.cpp */,
			);
			path = 6_MoveConstructors;
			sourceTree = "<group>";
		};
		4D1E97D62450501400AE7A2A /* 7_staticClassMember */ = {
			isa = PBXGroup;
			children = (
				4D1E97D82450503700AE7A2A /* main.cpp */,
				4D1E97DA2450506200AE7A2A /* Player.cpp */,
				4D1E97DB2450506200AE7A2A /* Player.hpp */,
			);
			path = 7_staticClassMember;
			sourceTree = "<group>";
		};
		4D1E97DD2450515400AE7A2A /* 8_FriendsClass */ = {
			isa = PBXGroup;
			children = (
				4D1E97DE2450518A00AE7A2A /* main.cpp */,
				4D1E97E0245051C500AE7A2A /* Player.cpp */,
				4D1E97E1245051C500AE7A2A /* Player.hpp */,
				4D1E97E3245051F200AE7A2A /* Friend_class.cpp */,
				4D1E97E4245051F200AE7A2A /* Friend_class.hpp */,
				4D1E97E62450521600AE7A2A /* Other_class.cpp */,
				4D1E97E72450521600AE7A2A /* Other_class.hpp */,
			);
			path = 8_FriendsClass;
			sourceTree = "<group>";
		};
		4D726D97245060AF007E8781 /* 5_OOP */ = {
			isa = PBXGroup;
			children = (
				4DB33175245062CB00A9D914 /* 2_OperatorOverloading */,
				4D726D9D24506194007E8781 /* 1_Class */,
			);
			path = 5_OOP;
			sourceTree = "<group>";
		};
		4D726D9D24506194007E8781 /* 1_Class */ = {
			isa = PBXGroup;
			children = (
				4D1E97DD2450515400AE7A2A /* 8_FriendsClass */,
				4D1E97D62450501400AE7A2A /* 7_staticClassMember */,
				4D1E97D324504DB800AE7A2A /* 6_MoveConstructors */,
				4D1E97CA24504C1D00AE7A2A /* 5_CopyConstructors */,
				4D1E97C124504B3E00AE7A2A /* 4_Constructors */,
				4D1E97BE24504AA400AE7A2A /* 3_ImplementingMethods1st */,
				4D1E97BB24504A1300AE7A2A /* 2_accessingClassMember */,
				4D1E97B624503F2F00AE7A2A /* 1_createClass */,
			);
			path = 1_Class;
			sourceTree = "<group>";
		};
		4DB33175245062CB00A9D914 /* 2_OperatorOverloading */ = {
			isa = PBXGroup;
			children = (
				4DB3317A245173AB00A9D914 /* 1_MystringAssignment=Overloading */,
			);
			path = 2_OperatorOverloading;
			sourceTree = "<group>";
		};
		4DB3317A245173AB00A9D914 /* 1_MystringAssignment=Overloading */ = {
			isa = PBXGroup;
			children = (
				4DB331762450633B00A9D914 /* main.cpp */,
				4DB3317D2451742300A9D914 /* Mystring.cpp */,
				4DB3317E2451742300A9D914 /* Mystring.hpp */,
			);
			path = "1_MystringAssignment=Overloading";
			sourceTree = "<group>";
		};
/* End PBXGroup section */

/* Begin PBXNativeTarget section */
		4D1E9767245034A500AE7A2A /* Cpp */ = {
			isa = PBXNativeTarget;
			buildConfigurationList = 4D1E976F245034A500AE7A2A /* Build configuration list for PBXNativeTarget "Cpp" */;
			buildPhases = (
				4D1E9764245034A500AE7A2A /* Sources */,
				4D1E9765245034A500AE7A2A /* Frameworks */,
				4D1E9766245034A500AE7A2A /* CopyFiles */,
			);
			buildRules = (
			);
			dependencies = (
			);
			name = Cpp;
			productName = Cpp;
			productReference = 4D1E9768245034A500AE7A2A /* Cpp */;
			productType = "com.apple.product-type.tool";
		};
		4D1E9775245034DA00AE7A2A /* 1_FileOperation */ = {
			isa = PBXNativeTarget;
			buildConfigurationList = 4D1E977A245034DA00AE7A2A /* Build configuration list for PBXNativeTarget "1_FileOperation" */;
			buildPhases = (
				4D1E9772245034DA00AE7A2A /* Sources */,
				4D1E9773245034DA00AE7A2A /* Frameworks */,
				4D1E9774245034DA00AE7A2A /* CopyFiles */,
			);
			buildRules = (
			);
			dependencies = (
			);
			name = 1_FileOperation;
			productName = 1_FileOperation;
			productReference = 4D1E9776245034DA00AE7A2A /* 1_FileOperation */;
			productType = "com.apple.product-type.tool";
		};
		4D1E9789245039DA00AE7A2A /* 2_Function */ = {
			isa = PBXNativeTarget;
			buildConfigurationList = 4D1E978E245039DA00AE7A2A /* Build configuration list for PBXNativeTarget "2_Function" */;
			buildPhases = (
				4D1E9786245039DA00AE7A2A /* Sources */,
				4D1E9787245039DA00AE7A2A /* Frameworks */,
				4D1E9788245039DA00AE7A2A /* CopyFiles */,
			);
			buildRules = (
			);
			dependencies = (
			);
			name = 2_Function;
			productName = 2_Function;
			productReference = 4D1E978A245039DA00AE7A2A /* 2_Function */;
			productType = "com.apple.product-type.tool";
		};
		4D1E979524503AAD00AE7A2A /* 3_PointerAndReferences */ = {
			isa = PBXNativeTarget;
			buildConfigurationList = 4D1E979A24503AAD00AE7A2A /* Build configuration list for PBXNativeTarget "3_PointerAndReferences" */;
			buildPhases = (
				4D1E979224503AAD00AE7A2A /* Sources */,
				4D1E979324503AAD00AE7A2A /* Frameworks */,
				4D1E979424503AAD00AE7A2A /* CopyFiles */,
			);
			buildRules = (
			);
			dependencies = (
			);
			name = 3_PointerAndReferences;
			productName = 3_Pointer;
			productReference = 4D1E979624503AAD00AE7A2A /* 3_PointerAndReferences */;
			productType = "com.apple.product-type.tool";
		};
		4D1E97A024503B8300AE7A2A /* 4_patternCreationCode */ = {
			isa = PBXNativeTarget;
			buildConfigurationList = 4D1E97A524503B8300AE7A2A /* Build configuration list for PBXNativeTarget "4_patternCreationCode" */;
			buildPhases = (
				4D1E979D24503B8300AE7A2A /* Sources */,
				4D1E979E24503B8300AE7A2A /* Frameworks */,
				4D1E979F24503B8300AE7A2A /* CopyFiles */,
			);
			buildRules = (
			);
			dependencies = (
			);
			name = 4_patternCreationCode;
			productName = 4_patternCreationCode;
			productReference = 4D1E97A124503B8300AE7A2A /* 4_patternCreationCode */;
			productType = "com.apple.product-type.tool";
		};
		4D726D95245060AF007E8781 /* 5_OOP */ = {
			isa = PBXNativeTarget;
			buildConfigurationList = 4D726D9A245060AF007E8781 /* Build configuration list for PBXNativeTarget "5_OOP" */;
			buildPhases = (
				4D726D92245060AF007E8781 /* Sources */,
				4D726D93245060AF007E8781 /* Frameworks */,
				4D726D94245060AF007E8781 /* CopyFiles */,
			);
			buildRules = (
			);
			dependencies = (
			);
			name = 5_OOP;
			productName = 6_OOP;
			productReference = 4D726D96245060AF007E8781 /* 5_OOP */;
			productType = "com.apple.product-type.tool";
		};
/* End PBXNativeTarget section */

/* Begin PBXProject section */
		4D1E9760245034A500AE7A2A /* Project object */ = {
			isa = PBXProject;
			attributes = {
				LastSwiftUpdateCheck = 1140;
				LastUpgradeCheck = 1140;
				ORGANIZATIONNAME = Ashwani;
				TargetAttributes = {
					4D1E9767245034A500AE7A2A = {
						CreatedOnToolsVersion = 11.4.1;
					};
					4D1E9775245034DA00AE7A2A = {
						CreatedOnToolsVersion = 11.4.1;
					};
					4D1E9789245039DA00AE7A2A = {
						CreatedOnToolsVersion = 11.4.1;
					};
					4D1E979524503AAD00AE7A2A = {
						CreatedOnToolsVersion = 11.4.1;
					};
					4D1E97A024503B8300AE7A2A = {
						CreatedOnToolsVersion = 11.4.1;
					};
					4D726D95245060AF007E8781 = {
						CreatedOnToolsVersion = 11.4.1;
					};
				};
			};
			buildConfigurationList = 4D1E9763245034A500AE7A2A /* Build configuration list for PBXProject "Cpp" */;
			compatibilityVersion = "Xcode 9.3";
			developmentRegion = en;
			hasScannedForEncodings = 0;
			knownRegions = (
				en,
				Base,
			);
			mainGroup = 4D1E975F245034A500AE7A2A;
			productRefGroup = 4D1E9769245034A500AE7A2A /* Products */;
			projectDirPath = "";
			projectRoot = "";
			targets = (
				4D1E9767245034A500AE7A2A /* Cpp */,
				4D1E9775245034DA00AE7A2A /* 1_FileOperation */,
				4D1E9789245039DA00AE7A2A /* 2_Function */,
				4D1E979524503AAD00AE7A2A /* 3_PointerAndReferences */,
				4D1E97A024503B8300AE7A2A /* 4_patternCreationCode */,
				4D726D95245060AF007E8781 /* 5_OOP */,
			);
		};
/* End PBXProject section */

/* Begin PBXSourcesBuildPhase section */
		4D1E9764245034A500AE7A2A /* Sources */ = {
			isa = PBXSourcesBuildPhase;
			buildActionMask = 2147483647;
			files = (
				4D1E976C245034A500AE7A2A /* main.cpp in Sources */,
			);
			runOnlyForDeploymentPostprocessing = 0;
		};
		4D1E9772245034DA00AE7A2A /* Sources */ = {
			isa = PBXSourcesBuildPhase;
			buildActionMask = 2147483647;
			files = (
				4D1E97F12450597200AE7A2A /* 2_findSizeOfFile.cpp in Sources */,
			);
			runOnlyForDeploymentPostprocessing = 0;
		};
		4D1E9786245039DA00AE7A2A /* Sources */ = {
			isa = PBXSourcesBuildPhase;
			buildActionMask = 2147483647;
			files = (
				4D1E978D245039DA00AE7A2A /* 1_listCreation.cpp in Sources */,
			);
			runOnlyForDeploymentPostprocessing = 0;
		};
		4D1E979224503AAD00AE7A2A /* Sources */ = {
			isa = PBXSourcesBuildPhase;
			buildActionMask = 2147483647;
			files = (
				4DB331792450652A00A9D914 /* 2_References.cpp in Sources */,
				4D1E979924503AAD00AE7A2A /* 1_arrayMultiply.cpp in Sources */,
			);
			runOnlyForDeploymentPostprocessing = 0;
		};
		4D1E979D24503B8300AE7A2A /* Sources */ = {
			isa = PBXSourcesBuildPhase;
			buildActionMask = 2147483647;
			files = (
				4D1E97AA24503C1900AE7A2A /* 1_StringPyramid.cpp in Sources */,
			);
			runOnlyForDeploymentPostprocessing = 0;
		};
		4D726D92245060AF007E8781 /* Sources */ = {
			isa = PBXSourcesBuildPhase;
			buildActionMask = 2147483647;
			files = (
				4DB331832451904F00A9D914 /* 6_MoveConstructors.cpp in Sources */,
			);
			runOnlyForDeploymentPostprocessing = 0;
		};
/* End PBXSourcesBuildPhase section */

/* Begin XCBuildConfiguration section */
		4D1E976D245034A500AE7A2A /* Debug */ = {
			isa = XCBuildConfiguration;
			buildSettings = {
				ALWAYS_SEARCH_USER_PATHS = NO;
				CLANG_ANALYZER_NONNULL = YES;
				CLANG_ANALYZER_NUMBER_OBJECT_CONVERSION = YES_AGGRESSIVE;
				CLANG_CXX_LANGUAGE_STANDARD = "gnu++14";
				CLANG_CXX_LIBRARY = "libc++";
				CLANG_ENABLE_MODULES = YES;
				CLANG_ENABLE_OBJC_ARC = YES;
				CLANG_ENABLE_OBJC_WEAK = YES;
				CLANG_WARN_BLOCK_CAPTURE_AUTORELEASING = YES;
				CLANG_WARN_BOOL_CONVERSION = YES;
				CLANG_WARN_COMMA = YES;
				CLANG_WARN_CONSTANT_CONVERSION = YES;
				CLANG_WARN_DEPRECATED_OBJC_IMPLEMENTATIONS = YES;
				CLANG_WARN_DIRECT_OBJC_ISA_USAGE = YES_ERROR;
				CLANG_WARN_DOCUMENTATION_COMMENTS = YES;
				CLANG_WARN_EMPTY_BODY = YES;
				CLANG_WARN_ENUM_CONVERSION = YES;
				CLANG_WARN_INFINITE_RECURSION = YES;
				CLANG_WARN_INT_CONVERSION = YES;
				CLANG_WARN_NON_LITERAL_NULL_CONVERSION = YES;
				CLANG_WARN_OBJC_IMPLICIT_RETAIN_SELF = YES;
				CLANG_WARN_OBJC_LITERAL_CONVERSION = YES;
				CLANG_WARN_OBJC_ROOT_CLASS = YES_ERROR;
				CLANG_WARN_RANGE_LOOP_ANALYSIS = YES;
				CLANG_WARN_STRICT_PROTOTYPES = YES;
				CLANG_WARN_SUSPICIOUS_MOVE = YES;
				CLANG_WARN_UNGUARDED_AVAILABILITY = YES_AGGRESSIVE;
				CLANG_WARN_UNREACHABLE_CODE = YES;
				CLANG_WARN__DUPLICATE_METHOD_MATCH = YES;
				COPY_PHASE_STRIP = NO;
				DEBUG_INFORMATION_FORMAT = dwarf;
				ENABLE_STRICT_OBJC_MSGSEND = YES;
				ENABLE_TESTABILITY = YES;
				GCC_C_LANGUAGE_STANDARD = gnu11;
				GCC_DYNAMIC_NO_PIC = NO;
				GCC_NO_COMMON_BLOCKS = YES;
				GCC_OPTIMIZATION_LEVEL = 0;
				GCC_PREPROCESSOR_DEFINITIONS = (
					"DEBUG=1",
					"$(inherited)",
				);
				GCC_WARN_64_TO_32_BIT_CONVERSION = YES;
				GCC_WARN_ABOUT_RETURN_TYPE = YES_ERROR;
				GCC_WARN_UNDECLARED_SELECTOR = YES;
				GCC_WARN_UNINITIALIZED_AUTOS = YES_AGGRESSIVE;
				GCC_WARN_UNUSED_FUNCTION = YES;
				GCC_WARN_UNUSED_VARIABLE = YES;
				MACOSX_DEPLOYMENT_TARGET = 10.15;
				MTL_ENABLE_DEBUG_INFO = INCLUDE_SOURCE;
				MTL_FAST_MATH = YES;
				ONLY_ACTIVE_ARCH = YES;
				SDKROOT = macosx;
			};
			name = Debug;
		};
		4D1E976E245034A500AE7A2A /* Release */ = {
			isa = XCBuildConfiguration;
			buildSettings = {
				ALWAYS_SEARCH_USER_PATHS = NO;
				CLANG_ANALYZER_NONNULL = YES;
				CLANG_ANALYZER_NUMBER_OBJECT_CONVERSION = YES_AGGRESSIVE;
				CLANG_CXX_LANGUAGE_STANDARD = "gnu++14";
				CLANG_CXX_LIBRARY = "libc++";
				CLANG_ENABLE_MODULES = YES;
				CLANG_ENABLE_OBJC_ARC = YES;
				CLANG_ENABLE_OBJC_WEAK = YES;
				CLANG_WARN_BLOCK_CAPTURE_AUTORELEASING = YES;
				CLANG_WARN_BOOL_CONVERSION = YES;
				CLANG_WARN_COMMA = YES;
				CLANG_WARN_CONSTANT_CONVERSION = YES;
				CLANG_WARN_DEPRECATED_OBJC_IMPLEMENTATIONS = YES;
				CLANG_WARN_DIRECT_OBJC_ISA_USAGE = YES_ERROR;
				CLANG_WARN_DOCUMENTATION_COMMENTS = YES;
				CLANG_WARN_EMPTY_BODY = YES;
				CLANG_WARN_ENUM_CONVERSION = YES;
				CLANG_WARN_INFINITE_RECURSION = YES;
				CLANG_WARN_INT_CONVERSION = YES;
				CLANG_WARN_NON_LITERAL_NULL_CONVERSION = YES;
				CLANG_WARN_OBJC_IMPLICIT_RETAIN_SELF = YES;
				CLANG_WARN_OBJC_LITERAL_CONVERSION = YES;
				CLANG_WARN_OBJC_ROOT_CLASS = YES_ERROR;
				CLANG_WARN_RANGE_LOOP_ANALYSIS = YES;
				CLANG_WARN_STRICT_PROTOTYPES = YES;
				CLANG_WARN_SUSPICIOUS_MOVE = YES;
				CLANG_WARN_UNGUARDED_AVAILABILITY = YES_AGGRESSIVE;
				CLANG_WARN_UNREACHABLE_CODE = YES;
				CLANG_WARN__DUPLICATE_METHOD_MATCH = YES;
				COPY_PHASE_STRIP = NO;
				DEBUG_INFORMATION_FORMAT = "dwarf-with-dsym";
				ENABLE_NS_ASSERTIONS = NO;
				ENABLE_STRICT_OBJC_MSGSEND = YES;
				GCC_C_LANGUAGE_STANDARD = gnu11;
				GCC_NO_COMMON_BLOCKS = YES;
				GCC_WARN_64_TO_32_BIT_CONVERSION = YES;
				GCC_WARN_ABOUT_RETURN_TYPE = YES_ERROR;
				GCC_WARN_UNDECLARED_SELECTOR = YES;
				GCC_WARN_UNINITIALIZED_AUTOS = YES_AGGRESSIVE;
				GCC_WARN_UNUSED_FUNCTION = YES;
				GCC_WARN_UNUSED_VARIABLE = YES;
				MACOSX_DEPLOYMENT_TARGET = 10.15;
				MTL_ENABLE_DEBUG_INFO = NO;
				MTL_FAST_MATH = YES;
				SDKROOT = macosx;
			};
			name = Release;
		};
		4D1E9770245034A500AE7A2A /* Debug */ = {
			isa = XCBuildConfiguration;
			buildSettings = {
				CODE_SIGN_STYLE = Automatic;
				PRODUCT_NAME = "$(TARGET_NAME)";
			};
			name = Debug;
		};
		4D1E9771245034A500AE7A2A /* Release */ = {
			isa = XCBuildConfiguration;
			buildSettings = {
				CODE_SIGN_STYLE = Automatic;
				PRODUCT_NAME = "$(TARGET_NAME)";
			};
			name = Release;
		};
		4D1E977B245034DA00AE7A2A /* Debug */ = {
			isa = XCBuildConfiguration;
			buildSettings = {
				CODE_SIGN_STYLE = Automatic;
				PRODUCT_NAME = "$(TARGET_NAME)";
			};
			name = Debug;
		};
		4D1E977C245034DA00AE7A2A /* Release */ = {
			isa = XCBuildConfiguration;
			buildSettings = {
				CODE_SIGN_STYLE = Automatic;
				PRODUCT_NAME = "$(TARGET_NAME)";
			};
			name = Release;
		};
		4D1E978F245039DA00AE7A2A /* Debug */ = {
			isa = XCBuildConfiguration;
			buildSettings = {
				CODE_SIGN_STYLE = Automatic;
				PRODUCT_NAME = "$(TARGET_NAME)";
			};
			name = Debug;
		};
		4D1E9790245039DA00AE7A2A /* Release */ = {
			isa = XCBuildConfiguration;
			buildSettings = {
				CODE_SIGN_STYLE = Automatic;
				PRODUCT_NAME = "$(TARGET_NAME)";
			};
			name = Release;
		};
		4D1E979B24503AAD00AE7A2A /* Debug */ = {
			isa = XCBuildConfiguration;
			buildSettings = {
				CODE_SIGN_STYLE = Automatic;
				PRODUCT_NAME = "$(TARGET_NAME)";
			};
			name = Debug;
		};
		4D1E979C24503AAD00AE7A2A /* Release */ = {
			isa = XCBuildConfiguration;
			buildSettings = {
				CODE_SIGN_STYLE = Automatic;
				PRODUCT_NAME = "$(TARGET_NAME)";
			};
			name = Release;
		};
		4D1E97A624503B8300AE7A2A /* Debug */ = {
			isa = XCBuildConfiguration;
			buildSettings = {
				CODE_SIGN_STYLE = Automatic;
				PRODUCT_NAME = "$(TARGET_NAME)";
			};
			name = Debug;
		};
		4D1E97A724503B8300AE7A2A /* Release */ = {
			isa = XCBuildConfiguration;
			buildSettings = {
				CODE_SIGN_STYLE = Automatic;
				PRODUCT_NAME = "$(TARGET_NAME)";
			};
			name = Release;
		};
		4D726D9B245060AF007E8781 /* Debug */ = {
			isa = XCBuildConfiguration;
			buildSettings = {
				CODE_SIGN_STYLE = Automatic;
				PRODUCT_NAME = "$(TARGET_NAME)";
			};
			name = Debug;
		};
		4D726D9C245060AF007E8781 /* Release */ = {
			isa = XCBuildConfiguration;
			buildSettings = {
				CODE_SIGN_STYLE = Automatic;
				PRODUCT_NAME = "$(TARGET_NAME)";
			};
			name = Release;
		};
/* End XCBuildConfiguration section */

/* Begin XCConfigurationList section */
		4D1E9763245034A500AE7A2A /* Build configuration list for PBXProject "Cpp" */ = {
			isa = XCConfigurationList;
			buildConfigurations = (
				4D1E976D245034A500AE7A2A /* Debug */,
				4D1E976E245034A500AE7A2A /* Release */,
			);
			defaultConfigurationIsVisible = 0;
			defaultConfigurationName = Release;
		};
		4D1E976F245034A500AE7A2A /* Build configuration list for PBXNativeTarget "Cpp" */ = {
			isa = XCConfigurationList;
			buildConfigurations = (
				4D1E9770245034A500AE7A2A /* Debug */,
				4D1E9771245034A500AE7A2A /* Release */,
			);
			defaultConfigurationIsVisible = 0;
			defaultConfigurationName = Release;
		};
		4D1E977A245034DA00AE7A2A /* Build configuration list for PBXNativeTarget "1_FileOperation" */ = {
			isa = XCConfigurationList;
			buildConfigurations = (
				4D1E977B245034DA00AE7A2A /* Debug */,
				4D1E977C245034DA00AE7A2A /* Release */,
			);
			defaultConfigurationIsVisible = 0;
			defaultConfigurationName = Release;
		};
		4D1E978E245039DA00AE7A2A /* Build configuration list for PBXNativeTarget "2_Function" */ = {
			isa = XCConfigurationList;
			buildConfigurations = (
				4D1E978F245039DA00AE7A2A /* Debug */,
				4D1E9790245039DA00AE7A2A /* Release */,
			);
			defaultConfigurationIsVisible = 0;
			defaultConfigurationName = Release;
		};
		4D1E979A24503AAD00AE7A2A /* Build configuration list for PBXNativeTarget "3_PointerAndReferences" */ = {
			isa = XCConfigurationList;
			buildConfigurations = (
				4D1E979B24503AAD00AE7A2A /* Debug */,
				4D1E979C24503AAD00AE7A2A /* Release */,
			);
			defaultConfigurationIsVisible = 0;
			defaultConfigurationName = Release;
		};
		4D1E97A524503B8300AE7A2A /* Build configuration list for PBXNativeTarget "4_patternCreationCode" */ = {
			isa = XCConfigurationList;
			buildConfigurations = (
				4D1E97A624503B8300AE7A2A /* Debug */,
				4D1E97A724503B8300AE7A2A /* Release */,
			);
			defaultConfigurationIsVisible = 0;
			defaultConfigurationName = Release;
		};
		4D726D9A245060AF007E8781 /* Build configuration list for PBXNativeTarget "5_OOP" */ = {
			isa = XCConfigurationList;
			buildConfigurations = (
				4D726D9B245060AF007E8781 /* Debug */,
				4D726D9C245060AF007E8781 /* Release */,
			);
			defaultConfigurationIsVisible = 0;
			defaultConfigurationName = Release;
		};
/* End XCConfigurationList section */
	};
	rootObject = 4D1E9760245034A500AE7A2A /* Project object */;
}
